
Microsoft Visual Studio Solution File, Format Version 12.00
# Visual Studio Version 16
VisualStudioVersion = 16.0.30717.126
MinimumVisualStudioVersion = 10.0.40219.1
Project("{FAE04EC0-301F-11D3-BF4B-00C04F79EFBC}") = "PLSimsEditor", "PLSimsEditor\PLSimsEditor.csproj", "{68D08407-A3B2-4E64-AC3F-C25063C9FD24}"
EndProject
Project("{F184B08F-C81C-45F6-A57F-5ABD9991F28F}") = "PLSimsLibrary", "PLSimsLibrary\PLSimsLibrary.vbproj", "{6C5996BA-8A8E-4195-A441-72819E291B05}"
EndProject
Project("{FAE04EC0-301F-11D3-BF4B-00C04F79EFBC}") = "SyntaxHighlightingTextBox", "SyntaxHighlightingTextBox\SyntaxHighlightingTextBox.csproj", "{93EC5C55-84BB-4FA4-8599-A6C85841E982}"
EndProject
Global
	GlobalSection(SolutionConfigurationPlatforms) = preSolution
		Debug|Any CPU = Debug|Any CPU
		Debug|Mixed Platforms = Debug|Mixed Platforms
		Debug|x86 = Debug|x86
		Release|Any CPU = Release|Any CPU
		Release|Mixed Platforms = Release|Mixed Platforms
		Release|x86 = Release|x86
	EndGlobalSection
	GlobalSection(ProjectConfigurationPlatforms) = postSolution
		{68D08407-A3B2-4E64-AC3F-C25063C9FD24}.Debug|Any CPU.ActiveCfg = Debug|x86
		{68D08407-A3B2-4E64-AC3F-C25063C9FD24}.Debug|Mixed Platforms.ActiveCfg = Debug|x86
		{68D08407-A3B2-4E64-AC3F-C25063C9FD24}.Debug|Mixed Platforms.Build.0 = Debug|x86
		{68D08407-A3B2-4E64-AC3F-C25063C9FD24}.Debug|x86.ActiveCfg = Debug|x86
		{68D08407-A3B2-4E64-AC3F-C25063C9FD24}.Debug|x86.Build.0 = Debug|x86
		{68D08407-A3B2-4E64-AC3F-C25063C9FD24}.Release|Any CPU.ActiveCfg = Release|x86
		{68D08407-A3B2-4E64-AC3F-C25063C9FD24}.Release|Mixed Platforms.ActiveCfg = Release|x86
		{68D08407-A3B2-4E64-AC3F-C25063C9FD24}.Release|Mixed Platforms.Build.0 = Release|x86
		{68D08407-A3B2-4E64-AC3F-C25063C9FD24}.Release|x86.ActiveCfg = Release|x86
		{68D08407-A3B2-4E64-AC3F-C25063C9FD24}.Release|x86.Build.0 = Release|x86
		{6C5996BA-8A8E-4195-A441-72819E291B05}.Debug|Any CPU.ActiveCfg = Debug|Any CPU
		{6C5996BA-8A8E-4195-A441-72819E291B05}.Debug|Any CPU.Build.0 = Debug|Any CPU
		{6C5996BA-8A8E-4195-A441-72819E291B05}.Debug|Mixed Platforms.ActiveCfg = Debug|Any CPU
		{6C5996BA-8A8E-4195-A441-72819E291B05}.Debug|Mixed Platforms.Build.0 = Debug|Any CPU
		{6C5996BA-8A8E-4195-A441-72819E291B05}.Debug|x86.ActiveCfg = Debug|Any CPU
		{6C5996BA-8A8E-4195-A441-72819E291B05}.Release|Any CPU.ActiveCfg = Release|Any CPU
		{6C5996BA-8A8E-4195-A441-72819E291B05}.Release|Any CPU.Build.0 = Release|Any CPU
		{6C5996BA-8A8E-4195-A441-72819E291B05}.Release|Mixed Platforms.ActiveCfg = Release|Any CPU
		{6C5996BA-8A8E-4195-A441-72819E291B05}.Release|Mixed Platforms.Build.0 = Release|Any CPU
		{6C5996BA-8A8E-4195-A441-72819E291B05}.Release|x86.ActiveCfg = Release|Any CPU
		{93EC5C55-84BB-4FA4-8599-A6C85841E982}.Debug|Any CPU.ActiveCfg = Debug|Any CPU
		{93EC5C55-84BB-4FA4-8599-A6C85841E982}.Debug|Any CPU.Build.0 = Debug|Any CPU
		{93EC5C55-84BB-4FA4-8599-A6C85841E982}.Debug|Mixed Platforms.ActiveCfg = Debug|Any CPU
		{93EC5C55-84BB-4FA4-8599-A6C85841E982}.Debug|Mixed Platforms.Build.0 = Debug|Any CPU
		{93EC5C55-84BB-4FA4-8599-A6C85841E982}.Debug|x86.ActiveCfg = Debug|Any CPU
		{93EC5C55-84BB-4FA4-8599-A6C85841E982}.Release|Any CPU.ActiveCfg = Release|Any CPU
		{93EC5C55-84BB-4FA4-8599-A6C85841E982}.Release|Any CPU.Build.0 = Release|Any CPU
		{93EC5C55-84BB-4FA4-8599-A6C85841E982}.Release|Mixed Platforms.ActiveCfg = Release|Any CPU
		{93EC5C55-84BB-4FA4-8599-A6C85841E982}.Release|Mixed Platforms.Build.0 = Release|Any CPU
		{93EC5C55-84BB-4FA4-8599-A6C85841E982}.Release|x86.ActiveCfg = Release|Any CPU
	EndGlobalSection
	GlobalSection(SolutionProperties) = preSolution
		HideSolutionNode = FALSE
	EndGlobalSection
	GlobalSection(ExtensibilityGlobals) = postSolution
		SolutionGuid = {81F7BB81-3345-4A9E-8594-2AEE51F4729B}
	EndGlobalSection
EndGlobal
